{
  "version": 4,
  "terraform_version": "1.3.7",
  "serial": 70,
  "lineage": "e036d9ab-1ac1-cc88-c6e3-a700a25ec082",
  "outputs": {},
  "resources": [
    {
      "mode": "managed",
      "type": "azurerm_network_interface",
      "name": "NIC",
      "provider": "provider[\"registry.terraform.io/hashicorp/azurerm\"]",
      "instances": [
        {
          "schema_version": 0,
          "attributes": {
            "applied_dns_servers": [],
            "dns_servers": [],
            "edge_zone": "",
            "enable_accelerated_networking": false,
            "enable_ip_forwarding": false,
            "id": "/subscriptions/990c37af-3c42-4bd0-a376-600bc37d71ff/resourceGroups/TF_Virtual_Machines/providers/Microsoft.Network/networkInterfaces/TFVM_NIC",
            "internal_dns_name_label": "",
            "internal_domain_name_suffix": "kriodx5kxy5u3o01qojtclthyh.dx.internal.cloudapp.net",
            "ip_configuration": [
              {
                "gateway_load_balancer_frontend_ip_configuration_id": "",
                "name": "internal",
                "primary": true,
                "private_ip_address": "10.0.1.4",
                "private_ip_address_allocation": "Dynamic",
                "private_ip_address_version": "IPv4",
                "public_ip_address_id": "/subscriptions/990c37af-3c42-4bd0-a376-600bc37d71ff/resourceGroups/TF_Virtual_Machines/providers/Microsoft.Network/publicIPAddresses/TFIoT_Public_IP",
                "subnet_id": "/subscriptions/990c37af-3c42-4bd0-a376-600bc37d71ff/resourceGroups/TF_Virtual_Machines/providers/Microsoft.Network/virtualNetworks/TF_vNet/subnets/TF_Subnet"
              }
            ],
            "location": "westus",
            "mac_address": "60-45-BD-06-9C-AA",
            "name": "TFVM_NIC",
            "private_ip_address": "10.0.1.4",
            "private_ip_addresses": [
              "10.0.1.4"
            ],
            "resource_group_name": "TF_Virtual_Machines",
            "tags": {},
            "timeouts": null,
            "virtual_machine_id": "/subscriptions/990c37af-3c42-4bd0-a376-600bc37d71ff/resourceGroups/TF_Virtual_Machines/providers/Microsoft.Compute/virtualMachines/WindowsVM"
          },
          "sensitive_attributes": [],
          "private": "eyJlMmJmYjczMC1lY2FhLTExZTYtOGY4OC0zNDM2M2JjN2M0YzAiOnsiY3JlYXRlIjoxODAwMDAwMDAwMDAwLCJkZWxldGUiOjE4MDAwMDAwMDAwMDAsInJlYWQiOjMwMDAwMDAwMDAwMCwidXBkYXRlIjoxODAwMDAwMDAwMDAwfX0=",
          "dependencies": [
            "azurerm_public_ip.Public",
            "azurerm_resource_group.TFVM",
            "azurerm_subnet.Subnet",
            "azurerm_virtual_network.vNet"
          ]
        }
      ]
    },
    {
      "mode": "managed",
      "type": "azurerm_network_interface_security_group_association",
      "name": "NISGA",
      "provider": "provider[\"registry.terraform.io/hashicorp/azurerm\"]",
      "instances": [
        {
          "schema_version": 0,
          "attributes": {
            "id": "/subscriptions/990c37af-3c42-4bd0-a376-600bc37d71ff/resourceGroups/TF_Virtual_Machines/providers/Microsoft.Network/networkInterfaces/TFVM_NIC|/subscriptions/990c37af-3c42-4bd0-a376-600bc37d71ff/resourceGroups/TF_Virtual_Machines/providers/Microsoft.Network/networkSecurityGroups/TF_NSG",
            "network_interface_id": "/subscriptions/990c37af-3c42-4bd0-a376-600bc37d71ff/resourceGroups/TF_Virtual_Machines/providers/Microsoft.Network/networkInterfaces/TFVM_NIC",
            "network_security_group_id": "/subscriptions/990c37af-3c42-4bd0-a376-600bc37d71ff/resourceGroups/TF_Virtual_Machines/providers/Microsoft.Network/networkSecurityGroups/TF_NSG",
            "timeouts": null
          },
          "sensitive_attributes": [],
          "private": "eyJlMmJmYjczMC1lY2FhLTExZTYtOGY4OC0zNDM2M2JjN2M0YzAiOnsiY3JlYXRlIjoxODAwMDAwMDAwMDAwLCJkZWxldGUiOjE4MDAwMDAwMDAwMDAsInJlYWQiOjMwMDAwMDAwMDAwMCwidXBkYXRlIjoxODAwMDAwMDAwMDAwfX0=",
          "dependencies": [
            "azurerm_network_interface.NIC",
            "azurerm_network_security_group.NSG",
            "azurerm_public_ip.Public",
            "azurerm_resource_group.TFVM",
            "azurerm_subnet.Subnet",
            "azurerm_virtual_network.vNet"
          ]
        }
      ]
    },
    {
      "mode": "managed",
      "type": "azurerm_network_security_group",
      "name": "NSG",
      "provider": "provider[\"registry.terraform.io/hashicorp/azurerm\"]",
      "instances": [
        {
          "schema_version": 0,
          "attributes": {
            "id": "/subscriptions/990c37af-3c42-4bd0-a376-600bc37d71ff/resourceGroups/TF_Virtual_Machines/providers/Microsoft.Network/networkSecurityGroups/TF_NSG",
            "location": "westus",
            "name": "TF_NSG",
            "resource_group_name": "TF_Virtual_Machines",
            "security_rule": [
              {
                "access": "Allow",
                "description": "",
                "destination_address_prefix": "*",
                "destination_address_prefixes": [],
                "destination_application_security_group_ids": [],
                "destination_port_range": "3389",
                "destination_port_ranges": [],
                "direction": "Inbound",
                "name": "allow-rdp",
                "priority": 100,
                "protocol": "Tcp",
                "source_address_prefix": "*",
                "source_address_prefixes": [],
                "source_application_security_group_ids": [],
                "source_port_range": "*",
                "source_port_ranges": []
              },
              {
                "access": "Allow",
                "description": null,
                "destination_address_prefix": "*",
                "destination_address_prefixes": [],
                "destination_application_security_group_ids": [],
                "destination_port_range": "22",
                "destination_port_ranges": [],
                "direction": "Inbound",
                "name": "allow-ssh",
                "priority": 100,
                "protocol": "Tcp",
                "source_address_prefix": "*",
                "source_address_prefixes": [],
                "source_application_security_group_ids": [],
                "source_port_range": "*",
                "source_port_ranges": []
              }
            ],
            "tags": {},
            "timeouts": null
          },
          "sensitive_attributes": [],
          "private": "eyJlMmJmYjczMC1lY2FhLTExZTYtOGY4OC0zNDM2M2JjN2M0YzAiOnsiY3JlYXRlIjoxODAwMDAwMDAwMDAwLCJkZWxldGUiOjE4MDAwMDAwMDAwMDAsInJlYWQiOjMwMDAwMDAwMDAwMCwidXBkYXRlIjoxODAwMDAwMDAwMDAwfX0=",
          "dependencies": [
            "azurerm_resource_group.TFVM"
          ]
        }
      ]
    },
    {
      "mode": "managed",
      "type": "azurerm_public_ip",
      "name": "Public",
      "provider": "provider[\"registry.terraform.io/hashicorp/azurerm\"]",
      "instances": [
        {
          "schema_version": 0,
          "attributes": {
            "allocation_method": "Static",
            "domain_name_label": null,
            "edge_zone": "",
            "fqdn": null,
            "id": "/subscriptions/990c37af-3c42-4bd0-a376-600bc37d71ff/resourceGroups/TF_Virtual_Machines/providers/Microsoft.Network/publicIPAddresses/TFIoT_Public_IP",
            "idle_timeout_in_minutes": 4,
            "ip_address": "13.91.84.63",
            "ip_tags": {},
            "ip_version": "IPv4",
            "location": "westus",
            "name": "TFIoT_Public_IP",
            "public_ip_prefix_id": null,
            "resource_group_name": "TF_Virtual_Machines",
            "reverse_fqdn": null,
            "sku": "Standard",
            "sku_tier": "Regional",
            "tags": {},
            "timeouts": null,
            "zones": []
          },
          "sensitive_attributes": [],
          "private": "eyJlMmJmYjczMC1lY2FhLTExZTYtOGY4OC0zNDM2M2JjN2M0YzAiOnsiY3JlYXRlIjoxODAwMDAwMDAwMDAwLCJkZWxldGUiOjE4MDAwMDAwMDAwMDAsInJlYWQiOjMwMDAwMDAwMDAwMCwidXBkYXRlIjoxODAwMDAwMDAwMDAwfX0=",
          "dependencies": [
            "azurerm_resource_group.TFVM"
          ]
        }
      ]
    },
    {
      "mode": "managed",
      "type": "azurerm_resource_group",
      "name": "TFVM",
      "provider": "provider[\"registry.terraform.io/hashicorp/azurerm\"]",
      "instances": [
        {
          "schema_version": 0,
          "attributes": {
            "id": "/subscriptions/990c37af-3c42-4bd0-a376-600bc37d71ff/resourceGroups/TF_Virtual_Machines",
            "location": "westus",
            "name": "TF_Virtual_Machines",
            "tags": {
              "Environment": "Terraform Built VM",
              "Team": "DevOps"
            },
            "timeouts": null
          },
          "sensitive_attributes": [],
          "private": "eyJlMmJmYjczMC1lY2FhLTExZTYtOGY4OC0zNDM2M2JjN2M0YzAiOnsiY3JlYXRlIjo1NDAwMDAwMDAwMDAwLCJkZWxldGUiOjU0MDAwMDAwMDAwMDAsInJlYWQiOjMwMDAwMDAwMDAwMCwidXBkYXRlIjo1NDAwMDAwMDAwMDAwfX0="
        }
      ]
    },
    {
      "mode": "managed",
      "type": "azurerm_subnet",
      "name": "Subnet",
      "provider": "provider[\"registry.terraform.io/hashicorp/azurerm\"]",
      "instances": [
        {
          "schema_version": 0,
          "attributes": {
            "address_prefixes": [
              "10.0.1.0/24"
            ],
            "delegation": [],
            "enforce_private_link_endpoint_network_policies": false,
            "enforce_private_link_service_network_policies": false,
            "id": "/subscriptions/990c37af-3c42-4bd0-a376-600bc37d71ff/resourceGroups/TF_Virtual_Machines/providers/Microsoft.Network/virtualNetworks/TF_vNet/subnets/TF_Subnet",
            "name": "TF_Subnet",
            "resource_group_name": "TF_Virtual_Machines",
            "service_endpoint_policy_ids": [],
            "service_endpoints": [],
            "timeouts": {
              "create": null,
              "delete": null,
              "read": null,
              "update": null
            },
            "virtual_network_name": "TF_vNet"
          },
          "sensitive_attributes": [],
          "private": "eyJlMmJmYjczMC1lY2FhLTExZTYtOGY4OC0zNDM2M2JjN2M0YzAiOnsiY3JlYXRlIjoxODAwMDAwMDAwMDAwLCJkZWxldGUiOjE4MDAwMDAwMDAwMDAsInJlYWQiOjMwMDAwMDAwMDAwMCwidXBkYXRlIjoxODAwMDAwMDAwMDAwfSwic2NoZW1hX3ZlcnNpb24iOiIwIn0=",
          "dependencies": [
            "azurerm_resource_group.TFVM",
            "azurerm_virtual_network.vNet"
          ]
        }
      ]
    },
    {
      "mode": "managed",
      "type": "azurerm_virtual_machine",
      "name": "WVM",
      "provider": "provider[\"registry.terraform.io/hashicorp/azurerm\"]",
      "instances": [
        {
          "schema_version": 0,
          "attributes": {
            "additional_capabilities": [],
            "availability_set_id": null,
            "boot_diagnostics": [],
            "delete_data_disks_on_termination": false,
            "delete_os_disk_on_termination": false,
            "id": "/subscriptions/990c37af-3c42-4bd0-a376-600bc37d71ff/resourceGroups/TF_Virtual_Machines/providers/Microsoft.Compute/virtualMachines/WindowsVM",
            "identity": [],
            "license_type": null,
            "location": "westus",
            "name": "WindowsVM",
            "network_interface_ids": [
              "/subscriptions/990c37af-3c42-4bd0-a376-600bc37d71ff/resourceGroups/TF_Virtual_Machines/providers/Microsoft.Network/networkInterfaces/TFVM_NIC"
            ],
            "os_profile": [
              {
                "admin_password": "",
                "admin_username": "tfadmin",
                "computer_name": "TFVM2",
                "custom_data": ""
              }
            ],
            "os_profile_linux_config": [],
            "os_profile_secrets": [],
            "os_profile_windows_config": [
              {
                "additional_unattend_config": [],
                "enable_automatic_upgrades": false,
                "provision_vm_agent": false,
                "timezone": "",
                "winrm": []
              }
            ],
            "plan": [],
            "primary_network_interface_id": null,
            "proximity_placement_group_id": null,
            "resource_group_name": "TF_Virtual_Machines",
            "storage_data_disk": [],
            "storage_image_reference": [
              {
                "id": "",
                "offer": "WindowsServer",
                "publisher": "MicrosoftWindowsServer",
                "sku": "2022-datacenter-azure-edition",
                "version": "latest"
              }
            ],
            "storage_os_disk": [
              {
                "caching": "ReadWrite",
                "create_option": "FromImage",
                "disk_size_gb": 127,
                "image_uri": "",
                "managed_disk_id": "/subscriptions/990c37af-3c42-4bd0-a376-600bc37d71ff/resourceGroups/TF_Virtual_Machines/providers/Microsoft.Compute/disks/TFwin_Disk",
                "managed_disk_type": "Standard_LRS",
                "name": "TFwin_Disk",
                "os_type": "Windows",
                "vhd_uri": "",
                "write_accelerator_enabled": false
              }
            ],
            "tags": {},
            "timeouts": null,
            "vm_size": "Standard_B1s",
            "zones": []
          },
          "sensitive_attributes": [],
          "private": "eyJlMmJmYjczMC1lY2FhLTExZTYtOGY4OC0zNDM2M2JjN2M0YzAiOnsiY3JlYXRlIjozNjAwMDAwMDAwMDAwLCJkZWxldGUiOjM2MDAwMDAwMDAwMDAsInJlYWQiOjMwMDAwMDAwMDAwMCwidXBkYXRlIjozNjAwMDAwMDAwMDAwfX0=",
          "dependencies": [
            "azurerm_network_interface.NIC",
            "azurerm_public_ip.Public",
            "azurerm_resource_group.TFVM",
            "azurerm_subnet.Subnet",
            "azurerm_virtual_network.vNet"
          ]
        }
      ]
    },
    {
      "mode": "managed",
      "type": "azurerm_virtual_network",
      "name": "vNet",
      "provider": "provider[\"registry.terraform.io/hashicorp/azurerm\"]",
      "instances": [
        {
          "schema_version": 0,
          "attributes": {
            "address_space": [
              "10.0.0.0/16"
            ],
            "bgp_community": "",
            "ddos_protection_plan": [],
            "dns_servers": [],
            "edge_zone": "",
            "flow_timeout_in_minutes": 0,
            "guid": "dfe15054-beea-4e3f-bb5b-8393312e67c7",
            "id": "/subscriptions/990c37af-3c42-4bd0-a376-600bc37d71ff/resourceGroups/TF_Virtual_Machines/providers/Microsoft.Network/virtualNetworks/TF_vNet",
            "location": "westus",
            "name": "TF_vNet",
            "resource_group_name": "TF_Virtual_Machines",
            "subnet": [
              {
                "address_prefix": "10.0.1.0/24",
                "id": "/subscriptions/990c37af-3c42-4bd0-a376-600bc37d71ff/resourceGroups/TF_Virtual_Machines/providers/Microsoft.Network/virtualNetworks/TF_vNet/subnets/TF_Subnet",
                "name": "TF_Subnet",
                "security_group": ""
              }
            ],
            "tags": {},
            "timeouts": null
          },
          "sensitive_attributes": [],
          "private": "eyJlMmJmYjczMC1lY2FhLTExZTYtOGY4OC0zNDM2M2JjN2M0YzAiOnsiY3JlYXRlIjoxODAwMDAwMDAwMDAwLCJkZWxldGUiOjE4MDAwMDAwMDAwMDAsInJlYWQiOjMwMDAwMDAwMDAwMCwidXBkYXRlIjoxODAwMDAwMDAwMDAwfX0=",
          "dependencies": [
            "azurerm_resource_group.TFVM"
          ]
        }
      ]
    }
  ],
  "check_results": null
}
